// !$*UTF8*$!
{
	archiveVersion = 1;
	classes = {
	};
	objectVersion = 50;
	objects = {

/* Begin PBXBuildFile section */
		EF1B54BC2211559400AA15F1 /* PokemonDetailViewController.swift in Sources */ = {isa = PBXBuildFile; fileRef = EF1B54BB2211559400AA15F1 /* PokemonDetailViewController.swift */; };
		EF8D260122138ADC00742FCB /* ResultCell.swift in Sources */ = {isa = PBXBuildFile; fileRef = EF8D260022138ADC00742FCB /* ResultCell.swift */; };
		EF8D26032213AF9000742FCB /* ResultCollectionCell.swift in Sources */ = {isa = PBXBuildFile; fileRef = EF8D26022213AF9000742FCB /* ResultCollectionCell.swift */; };
		EF8D26052214C4D100742FCB /* FavCell.swift in Sources */ = {isa = PBXBuildFile; fileRef = EF8D26042214C4D100742FCB /* FavCell.swift */; };
		EF8D264722156C4E00742FCB /* TypeTableView - setup.swift in Sources */ = {isa = PBXBuildFile; fileRef = EF8D264622156C4E00742FCB /* TypeTableView - setup.swift */; };
		EF8D2649221575AB00742FCB /* ResultCollectionView.swift in Sources */ = {isa = PBXBuildFile; fileRef = EF8D2648221575AB00742FCB /* ResultCollectionView.swift */; };
		EF8D264B2215761A00742FCB /* Result&FavTableView.swift in Sources */ = {isa = PBXBuildFile; fileRef = EF8D264A2215761A00742FCB /* Result&FavTableView.swift */; };
		EFBD37A12210E01E00CB45A2 /* AppDelegate.swift in Sources */ = {isa = PBXBuildFile; fileRef = EFBD37A02210E01E00CB45A2 /* AppDelegate.swift */; };
		EFBD37A32210E01E00CB45A2 /* StartViewController.swift in Sources */ = {isa = PBXBuildFile; fileRef = EFBD37A22210E01E00CB45A2 /* StartViewController.swift */; };
		EFBD37A62210E01E00CB45A2 /* Main.storyboard in Resources */ = {isa = PBXBuildFile; fileRef = EFBD37A42210E01E00CB45A2 /* Main.storyboard */; };
		EFBD37A82210E02100CB45A2 /* Assets.xcassets in Resources */ = {isa = PBXBuildFile; fileRef = EFBD37A72210E02100CB45A2 /* Assets.xcassets */; };
		EFBD37AB2210E02100CB45A2 /* LaunchScreen.storyboard in Resources */ = {isa = PBXBuildFile; fileRef = EFBD37A92210E02100CB45A2 /* LaunchScreen.storyboard */; };
		EFBD37B62210E02100CB45A2 /* PokedexTests.swift in Sources */ = {isa = PBXBuildFile; fileRef = EFBD37B52210E02100CB45A2 /* PokedexTests.swift */; };
		EFBD37C12210E02100CB45A2 /* PokedexUITests.swift in Sources */ = {isa = PBXBuildFile; fileRef = EFBD37C02210E02100CB45A2 /* PokedexUITests.swift */; };
		EFBD37D12210E02A00CB45A2 /* PokemonGenerator.swift in Sources */ = {isa = PBXBuildFile; fileRef = EFBD37CE2210E02A00CB45A2 /* PokemonGenerator.swift */; };
		EFBD37D22210E02A00CB45A2 /* Pokemon.swift in Sources */ = {isa = PBXBuildFile; fileRef = EFBD37CF2210E02A00CB45A2 /* Pokemon.swift */; };
		EFBD37D32210E02A00CB45A2 /* pokeData.json in Resources */ = {isa = PBXBuildFile; fileRef = EFBD37D02210E02A00CB45A2 /* pokeData.json */; };
		EFBD37D52210E18B00CB45A2 /* TypesCell.swift in Sources */ = {isa = PBXBuildFile; fileRef = EFBD37D42210E18B00CB45A2 /* TypesCell.swift */; };
		EFCB5F562212CED900EE54DD /* PokemonListViewController.swift in Sources */ = {isa = PBXBuildFile; fileRef = EFCB5F552212CED900EE54DD /* PokemonListViewController.swift */; };
/* End PBXBuildFile section */

/* Begin PBXContainerItemProxy section */
		EFBD37B22210E02100CB45A2 /* PBXContainerItemProxy */ = {
			isa = PBXContainerItemProxy;
			containerPortal = EFBD37952210E01E00CB45A2 /* Project object */;
			proxyType = 1;
			remoteGlobalIDString = EFBD379C2210E01E00CB45A2;
			remoteInfo = Pokedex;
		};
		EFBD37BD2210E02100CB45A2 /* PBXContainerItemProxy */ = {
			isa = PBXContainerItemProxy;
			containerPortal = EFBD37952210E01E00CB45A2 /* Project object */;
			proxyType = 1;
			remoteGlobalIDString = EFBD379C2210E01E00CB45A2;
			remoteInfo = Pokedex;
		};
/* End PBXContainerItemProxy section */

/* Begin PBXFileReference section */
		EF1B54BB2211559400AA15F1 /* PokemonDetailViewController.swift */ = {isa = PBXFileReference; lastKnownFileType = sourcecode.swift; path = PokemonDetailViewController.swift; sourceTree = "<group>"; };
		EF8D260022138ADC00742FCB /* ResultCell.swift */ = {isa = PBXFileReference; lastKnownFileType = sourcecode.swift; path = ResultCell.swift; sourceTree = "<group>"; };
		EF8D26022213AF9000742FCB /* ResultCollectionCell.swift */ = {isa = PBXFileReference; lastKnownFileType = sourcecode.swift; path = ResultCollectionCell.swift; sourceTree = "<group>"; };
		EF8D26042214C4D100742FCB /* FavCell.swift */ = {isa = PBXFileReference; lastKnownFileType = sourcecode.swift; path = FavCell.swift; sourceTree = "<group>"; };
		EF8D264622156C4E00742FCB /* TypeTableView - setup.swift */ = {isa = PBXFileReference; lastKnownFileType = sourcecode.swift; path = "TypeTableView - setup.swift"; sourceTree = "<group>"; };
		EF8D2648221575AB00742FCB /* ResultCollectionView.swift */ = {isa = PBXFileReference; lastKnownFileType = sourcecode.swift; path = ResultCollectionView.swift; sourceTree = "<group>"; };
		EF8D264A2215761A00742FCB /* Result&FavTableView.swift */ = {isa = PBXFileReference; lastKnownFileType = sourcecode.swift; path = "Result&FavTableView.swift"; sourceTree = "<group>"; };
		EFBD379D2210E01E00CB45A2 /* Pokedex.app */ = {isa = PBXFileReference; explicitFileType = wrapper.application; includeInIndex = 0; path = Pokedex.app; sourceTree = BUILT_PRODUCTS_DIR; };
		EFBD37A02210E01E00CB45A2 /* AppDelegate.swift */ = {isa = PBXFileReference; lastKnownFileType = sourcecode.swift; path = AppDelegate.swift; sourceTree = "<group>"; };
		EFBD37A22210E01E00CB45A2 /* StartViewController.swift */ = {isa = PBXFileReference; lastKnownFileType = sourcecode.swift; path = StartViewController.swift; sourceTree = "<group>"; };
		EFBD37A52210E01E00CB45A2 /* Base */ = {isa = PBXFileReference; lastKnownFileType = file.storyboard; name = Base; path = Base.lproj/Main.storyboard; sourceTree = "<group>"; };
		EFBD37A72210E02100CB45A2 /* Assets.xcassets */ = {isa = PBXFileReference; lastKnownFileType = folder.assetcatalog; path = Assets.xcassets; sourceTree = "<group>"; };
		EFBD37AA2210E02100CB45A2 /* Base */ = {isa = PBXFileReference; lastKnownFileType = file.storyboard; name = Base; path = Base.lproj/LaunchScreen.storyboard; sourceTree = "<group>"; };
		EFBD37AC2210E02100CB45A2 /* Info.plist */ = {isa = PBXFileReference; lastKnownFileType = text.plist.xml; path = Info.plist; sourceTree = "<group>"; };
		EFBD37B12210E02100CB45A2 /* PokedexTests.xctest */ = {isa = PBXFileReference; explicitFileType = wrapper.cfbundle; includeInIndex = 0; path = PokedexTests.xctest; sourceTree = BUILT_PRODUCTS_DIR; };
		EFBD37B52210E02100CB45A2 /* PokedexTests.swift */ = {isa = PBXFileReference; lastKnownFileType = sourcecode.swift; path = PokedexTests.swift; sourceTree = "<group>"; };
		EFBD37B72210E02100CB45A2 /* Info.plist */ = {isa = PBXFileReference; lastKnownFileType = text.plist.xml; path = Info.plist; sourceTree = "<group>"; };
		EFBD37BC2210E02100CB45A2 /* PokedexUITests.xctest */ = {isa = PBXFileReference; explicitFileType = wrapper.cfbundle; includeInIndex = 0; path = PokedexUITests.xctest; sourceTree = BUILT_PRODUCTS_DIR; };
		EFBD37C02210E02100CB45A2 /* PokedexUITests.swift */ = {isa = PBXFileReference; lastKnownFileType = sourcecode.swift; path = PokedexUITests.swift; sourceTree = "<group>"; };
		EFBD37C22210E02100CB45A2 /* Info.plist */ = {isa = PBXFileReference; lastKnownFileType = text.plist.xml; path = Info.plist; sourceTree = "<group>"; };
		EFBD37CE2210E02A00CB45A2 /* PokemonGenerator.swift */ = {isa = PBXFileReference; fileEncoding = 4; lastKnownFileType = sourcecode.swift; path = PokemonGenerator.swift; sourceTree = "<group>"; };
		EFBD37CF2210E02A00CB45A2 /* Pokemon.swift */ = {isa = PBXFileReference; fileEncoding = 4; lastKnownFileType = sourcecode.swift; path = Pokemon.swift; sourceTree = "<group>"; };
		EFBD37D02210E02A00CB45A2 /* pokeData.json */ = {isa = PBXFileReference; fileEncoding = 4; lastKnownFileType = text.json; path = pokeData.json; sourceTree = "<group>"; };
		EFBD37D42210E18B00CB45A2 /* TypesCell.swift */ = {isa = PBXFileReference; lastKnownFileType = sourcecode.swift; path = TypesCell.swift; sourceTree = "<group>"; };
		EFCB5F552212CED900EE54DD /* PokemonListViewController.swift */ = {isa = PBXFileReference; lastKnownFileType = sourcecode.swift; path = PokemonListViewController.swift; sourceTree = "<group>"; };
/* End PBXFileReference section */

/* Begin PBXFrameworksBuildPhase section */
		EFBD379A2210E01E00CB45A2 /* Frameworks */ = {
			isa = PBXFrameworksBuildPhase;
			buildActionMask = 2147483647;
			files = (
			);
			runOnlyForDeploymentPostprocessing = 0;
		};
		EFBD37AE2210E02100CB45A2 /* Frameworks */ = {
			isa = PBXFrameworksBuildPhase;
			buildActionMask = 2147483647;
			files = (
			);
			runOnlyForDeploymentPostprocessing = 0;
		};
		EFBD37B92210E02100CB45A2 /* Frameworks */ = {
			isa = PBXFrameworksBuildPhase;
			buildActionMask = 2147483647;
			files = (
			);
			runOnlyForDeploymentPostprocessing = 0;
		};
/* End PBXFrameworksBuildPhase section */

/* Begin PBXGroup section */
		EFBD37942210E01E00CB45A2 = {
			isa = PBXGroup;
			children = (
				EFBD379F2210E01E00CB45A2 /* Pokedex */,
				EFBD37B42210E02100CB45A2 /* PokedexTests */,
				EFBD37BF2210E02100CB45A2 /* PokedexUITests */,
				EFBD379E2210E01E00CB45A2 /* Products */,
			);
			sourceTree = "<group>";
		};
		EFBD379E2210E01E00CB45A2 /* Products */ = {
			isa = PBXGroup;
			children = (
				EFBD379D2210E01E00CB45A2 /* Pokedex.app */,
				EFBD37B12210E02100CB45A2 /* PokedexTests.xctest */,
				EFBD37BC2210E02100CB45A2 /* PokedexUITests.xctest */,
			);
			name = Products;
			sourceTree = "<group>";
		};
		EFBD379F2210E01E00CB45A2 /* Pokedex */ = {
			isa = PBXGroup;
			children = (
				EFBD37A02210E01E00CB45A2 /* AppDelegate.swift */,
				EFBD37A22210E01E00CB45A2 /* StartViewController.swift */,
				EF8D264622156C4E00742FCB /* TypeTableView - setup.swift */,
				EFBD37D42210E18B00CB45A2 /* TypesCell.swift */,
				EFCB5F552212CED900EE54DD /* PokemonListViewController.swift */,
				EF8D264A2215761A00742FCB /* Result&FavTableView.swift */,
				EF8D2648221575AB00742FCB /* ResultCollectionView.swift */,
				EF8D26042214C4D100742FCB /* FavCell.swift */,
				EF8D260022138ADC00742FCB /* ResultCell.swift */,
				EF8D26022213AF9000742FCB /* ResultCollectionCell.swift */,
				EF1B54BB2211559400AA15F1 /* PokemonDetailViewController.swift */,
				EFBD37A42210E01E00CB45A2 /* Main.storyboard */,
				EFBD37A72210E02100CB45A2 /* Assets.xcassets */,
				EFBD37A92210E02100CB45A2 /* LaunchScreen.storyboard */,
				EFBD37AC2210E02100CB45A2 /* Info.plist */,
				EFBD37D02210E02A00CB45A2 /* pokeData.json */,
				EFBD37CF2210E02A00CB45A2 /* Pokemon.swift */,
				EFBD37CE2210E02A00CB45A2 /* PokemonGenerator.swift */,
			);
			path = Pokedex;
			sourceTree = "<group>";
		};
		EFBD37B42210E02100CB45A2 /* PokedexTests */ = {
			isa = PBXGroup;
			children = (
				EFBD37B52210E02100CB45A2 /* PokedexTests.swift */,
				EFBD37B72210E02100CB45A2 /* Info.plist */,
			);
			path = PokedexTests;
			sourceTree = "<group>";
		};
		EFBD37BF2210E02100CB45A2 /* PokedexUITests */ = {
			isa = PBXGroup;
			children = (
				EFBD37C02210E02100CB45A2 /* PokedexUITests.swift */,
				EFBD37C22210E02100CB45A2 /* Info.plist */,
			);
			path = PokedexUITests;
			sourceTree = "<group>";
		};
/* End PBXGroup section */

/* Begin PBXNativeTarget section */
		EFBD379C2210E01E00CB45A2 /* Pokedex */ = {
			isa = PBXNativeTarget;
			buildConfigurationList = EFBD37C52210E02100CB45A2 /* Build configuration list for PBXNativeTarget "Pokedex" */;
			buildPhases = (
				EFBD37992210E01E00CB45A2 /* Sources */,
				EFBD379A2210E01E00CB45A2 /* Frameworks */,
				EFBD379B2210E01E00CB45A2 /* Resources */,
			);
			buildRules = (
			);
			dependencies = (
			);
			name = Pokedex;
			productName = Pokedex;
			productReference = EFBD379D2210E01E00CB45A2 /* Pokedex.app */;
			productType = "com.apple.product-type.application";
		};
		EFBD37B02210E02100CB45A2 /* PokedexTests */ = {
			isa = PBXNativeTarget;
			buildConfigurationList = EFBD37C82210E02100CB45A2 /* Build configuration list for PBXNativeTarget "PokedexTests" */;
			buildPhases = (
				EFBD37AD2210E02100CB45A2 /* Sources */,
				EFBD37AE2210E02100CB45A2 /* Frameworks */,
				EFBD37AF2210E02100CB45A2 /* Resources */,
			);
			buildRules = (
			);
			dependencies = (
				EFBD37B32210E02100CB45A2 /* PBXTargetDependency */,
			);
			name = PokedexTests;
			productName = PokedexTests;
			productReference = EFBD37B12210E02100CB45A2 /* PokedexTests.xctest */;
			productType = "com.apple.product-type.bundle.unit-test";
		};
		EFBD37BB2210E02100CB45A2 /* PokedexUITests */ = {
			isa = PBXNativeTarget;
			buildConfigurationList = EFBD37CB2210E02100CB45A2 /* Build configuration list for PBXNativeTarget "PokedexUITests" */;
			buildPhases = (
				EFBD37B82210E02100CB45A2 /* Sources */,
				EFBD37B92210E02100CB45A2 /* Frameworks */,
				EFBD37BA2210E02100CB45A2 /* Resources */,
			);
			buildRules = (
			);
			dependencies = (
				EFBD37BE2210E02100CB45A2 /* PBXTargetDependency */,
			);
			name = PokedexUITests;
			productName = PokedexUITests;
			productReference = EFBD37BC2210E02100CB45A2 /* PokedexUITests.xctest */;
			productType = "com.apple.product-type.bundle.ui-testing";
		};
/* End PBXNativeTarget section */

/* Begin PBXProject section */
		EFBD37952210E01E00CB45A2 /* Project object */ = {
			isa = PBXProject;
			attributes = {
				LastSwiftUpdateCheck = 1010;
				LastUpgradeCheck = 1010;
				ORGANIZATIONNAME = "Sam Lee";
				TargetAttributes = {
					EFBD379C2210E01E00CB45A2 = {
						CreatedOnToolsVersion = 10.1;
					};
					EFBD37B02210E02100CB45A2 = {
						CreatedOnToolsVersion = 10.1;
						TestTargetID = EFBD379C2210E01E00CB45A2;
					};
					EFBD37BB2210E02100CB45A2 = {
						CreatedOnToolsVersion = 10.1;
						TestTargetID = EFBD379C2210E01E00CB45A2;
					};
				};
			};
			buildConfigurationList = EFBD37982210E01E00CB45A2 /* Build configuration list for PBXProject "Pokedex" */;
			compatibilityVersion = "Xcode 9.3";
			developmentRegion = en;
			hasScannedForEncodings = 0;
			knownRegions = (
				en,
				Base,
			);
			mainGroup = EFBD37942210E01E00CB45A2;
			productRefGroup = EFBD379E2210E01E00CB45A2 /* Products */;
			projectDirPath = "";
			projectRoot = "";
			targets = (
				EFBD379C2210E01E00CB45A2 /* Pokedex */,
				EFBD37B02210E02100CB45A2 /* PokedexTests */,
				EFBD37BB2210E02100CB45A2 /* PokedexUITests */,
			);
		};
/* End PBXProject section */

/* Begin PBXResourcesBuildPhase section */
		EFBD379B2210E01E00CB45A2 /* Resources */ = {
			isa = PBXResourcesBuildPhase;
			buildActionMask = 2147483647;
			files = (
				EFBD37AB2210E02100CB45A2 /* LaunchScreen.storyboard in Resources */,
				EFBD37A82210E02100CB45A2 /* Assets.xcassets in Resources */,
				EFBD37D32210E02A00CB45A2 /* pokeData.json in Resources */,
				EFBD37A62210E01E00CB45A2 /* Main.storyboard in Resources */,
			);
			runOnlyForDeploymentPostprocessing = 0;
		};
		EFBD37AF2210E02100CB45A2 /* Resources */ = {
			isa = PBXResourcesBuildPhase;
			buildActionMask = 2147483647;
			files = (
			);
			runOnlyForDeploymentPostprocessing = 0;
		};
		EFBD37BA2210E02100CB45A2 /* Resources */ = {
			isa = PBXResourcesBuildPhase;
			buildActionMask = 2147483647;
			files = (
			);
			runOnlyForDeploymentPostprocessing = 0;
		};
/* End PBXResourcesBuildPhase section */

/* Begin PBXSourcesBuildPhase section */
		EFBD37992210E01E00CB45A2 /* Sources */ = {
			isa = PBXSourcesBuildPhase;
			buildActionMask = 2147483647;
			files = (
				EF8D26032213AF9000742FCB /* ResultCollectionCell.swift in Sources */,
				EFBD37A32210E01E00CB45A2 /* StartViewController.swift in Sources */,
				EFBD37D22210E02A00CB45A2 /* Pokemon.swift in Sources */,
				EF8D26052214C4D100742FCB /* FavCell.swift in Sources */,
				EF8D260122138ADC00742FCB /* ResultCell.swift in Sources */,
				EFBD37D52210E18B00CB45A2 /* TypesCell.swift in Sources */,
				EF8D264B2215761A00742FCB /* Result&FavTableView.swift in Sources */,
				EFCB5F562212CED900EE54DD /* PokemonListViewController.swift in Sources */,
				EF8D2649221575AB00742FCB /* ResultCollectionView.swift in Sources */,
				EFBD37A12210E01E00CB45A2 /* AppDelegate.swift in Sources */,
				EF8D264722156C4E00742FCB /* TypeTableView - setup.swift in Sources */,
				EFBD37D12210E02A00CB45A2 /* PokemonGenerator.swift in Sources */,
				EF1B54BC2211559400AA15F1 /* PokemonDetailViewController.swift in Sources */,
			);
			runOnlyForDeploymentPostprocessing = 0;
		};
		EFBD37AD2210E02100CB45A2 /* Sources */ = {
			isa = PBXSourcesBuildPhase;
			buildActionMask = 2147483647;
			files = (
				EFBD37B62210E02100CB45A2 /* PokedexTests.swift in Sources */,
			);
			runOnlyForDeploymentPostprocessing = 0;
		};
		EFBD37B82210E02100CB45A2 /* Sources */ = {
			isa = PBXSourcesBuildPhase;
			buildActionMask = 2147483647;
			files = (
				EFBD37C12210E02100CB45A2 /* PokedexUITests.swift in Sources */,
			);
			runOnlyForDeploymentPostprocessing = 0;
		};
/* End PBXSourcesBuildPhase section */

/* Begin PBXTargetDependency section */
		EFBD37B32210E02100CB45A2 /* PBXTargetDependency */ = {
			isa = PBXTargetDependency;
			target = EFBD379C2210E01E00CB45A2 /* Pokedex */;
			targetProxy = EFBD37B22210E02100CB45A2 /* PBXContainerItemProxy */;
		};
		EFBD37BE2210E02100CB45A2 /* PBXTargetDependency */ = {
			isa = PBXTargetDependency;
			target = EFBD379C2210E01E00CB45A2 /* Pokedex */;
			targetProxy = EFBD37BD2210E02100CB45A2 /* PBXContainerItemProxy */;
		};
/* End PBXTargetDependency section */

/* Begin PBXVariantGroup section */
		EFBD37A42210E01E00CB45A2 /* Main.storyboard */ = {
			isa = PBXVariantGroup;
			children = (
				EFBD37A52210E01E00CB45A2 /* Base */,
			);
			name = Main.storyboard;
			sourceTree = "<group>";
		};
		EFBD37A92210E02100CB45A2 /* LaunchScreen.storyboard */ = {
			isa = PBXVariantGroup;
			children = (
				EFBD37AA2210E02100CB45A2 /* Base */,
			);
			name = LaunchScreen.storyboard;
			sourceTree = "<group>";
		};
/* End PBXVariantGroup section */

/* Begin XCBuildConfiguration section */
		EFBD37C32210E02100CB45A2 /* Debug */ = {
			isa = XCBuildConfiguration;
			buildSettings = {
				ALWAYS_SEARCH_USER_PATHS = NO;
				CLANG_ANALYZER_NONNULL = YES;
				CLANG_ANALYZER_NUMBER_OBJECT_CONVERSION = YES_AGGRESSIVE;
				CLANG_CXX_LANGUAGE_STANDARD = "gnu++14";
				CLANG_CXX_LIBRARY = "libc++";
				CLANG_ENABLE_MODULES = YES;
				CLANG_ENABLE_OBJC_ARC = YES;
				CLANG_ENABLE_OBJC_WEAK = YES;
				CLANG_WARN_BLOCK_CAPTURE_AUTORELEASING = YES;
				CLANG_WARN_BOOL_CONVERSION = YES;
				CLANG_WARN_COMMA = YES;
				CLANG_WARN_CONSTANT_CONVERSION = YES;
				CLANG_WARN_DEPRECATED_OBJC_IMPLEMENTATIONS = YES;
				CLANG_WARN_DIRECT_OBJC_ISA_USAGE = YES_ERROR;
				CLANG_WARN_DOCUMENTATION_COMMENTS = YES;
				CLANG_WARN_EMPTY_BODY = YES;
				CLANG_WARN_ENUM_CONVERSION = YES;
				CLANG_WARN_INFINITE_RECURSION = YES;
				CLANG_WARN_INT_CONVERSION = YES;
				CLANG_WARN_NON_LITERAL_NULL_CONVERSION = YES;
				CLANG_WARN_OBJC_IMPLICIT_RETAIN_SELF = YES;
				CLANG_WARN_OBJC_LITERAL_CONVERSION = YES;
				CLANG_WARN_OBJC_ROOT_CLASS = YES_ERROR;
				CLANG_WARN_RANGE_LOOP_ANALYSIS = YES;
				CLANG_WARN_STRICT_PROTOTYPES = YES;
				CLANG_WARN_SUSPICIOUS_MOVE = YES;
				CLANG_WARN_UNGUARDED_AVAILABILITY = YES_AGGRESSIVE;
				CLANG_WARN_UNREACHABLE_CODE = YES;
				CLANG_WARN__DUPLICATE_METHOD_MATCH = YES;
				CODE_SIGN_IDENTITY = "iPhone Developer";
				COPY_PHASE_STRIP = NO;
				DEBUG_INFORMATION_FORMAT = dwarf;
				ENABLE_STRICT_OBJC_MSGSEND = YES;
				ENABLE_TESTABILITY = YES;
				GCC_C_LANGUAGE_STANDARD = gnu11;
				GCC_DYNAMIC_NO_PIC = NO;
				GCC_NO_COMMON_BLOCKS = YES;
				GCC_OPTIMIZATION_LEVEL = 0;
				GCC_PREPROCESSOR_DEFINITIONS = (
					"DEBUG=1",
					"$(inherited)",
				);
				GCC_WARN_64_TO_32_BIT_CONVERSION = YES;
				GCC_WARN_ABOUT_RETURN_TYPE = YES_ERROR;
				GCC_WARN_UNDECLARED_SELECTOR = YES;
				GCC_WARN_UNINITIALIZED_AUTOS = YES_AGGRESSIVE;
				GCC_WARN_UNUSED_FUNCTION = YES;
				GCC_WARN_UNUSED_VARIABLE = YES;
				IPHONEOS_DEPLOYMENT_TARGET = 12.1;
				MTL_ENABLE_DEBUG_INFO = INCLUDE_SOURCE;
				MTL_FAST_MATH = YES;
				ONLY_ACTIVE_ARCH = YES;
				SDKROOT = iphoneos;
				SWIFT_ACTIVE_COMPILATION_CONDITIONS = DEBUG;
				SWIFT_OPTIMIZATION_LEVEL = "-Onone";
			};
			name = Debug;
		};
		EFBD37C42210E02100CB45A2 /* Release */ = {
			isa = XCBuildConfiguration;
			buildSettings = {
				ALWAYS_SEARCH_USER_PATHS = NO;
				CLANG_ANALYZER_NONNULL = YES;
				CLANG_ANALYZER_NUMBER_OBJECT_CONVERSION = YES_AGGRESSIVE;
				CLANG_CXX_LANGUAGE_STANDARD = "gnu++14";
				CLANG_CXX_LIBRARY = "libc++";
				CLANG_ENABLE_MODULES = YES;
				CLANG_ENABLE_OBJC_ARC = YES;
				CLANG_ENABLE_OBJC_WEAK = YES;
				CLANG_WARN_BLOCK_CAPTURE_AUTORELEASING = YES;
				CLANG_WARN_BOOL_CONVERSION = YES;
				CLANG_WARN_COMMA = YES;
				CLANG_WARN_CONSTANT_CONVERSION = YES;
				CLANG_WARN_DEPRECATED_OBJC_IMPLEMENTATIONS = YES;
				CLANG_WARN_DIRECT_OBJC_ISA_USAGE = YES_ERROR;
				CLANG_WARN_DOCUMENTATION_COMMENTS = YES;
				CLANG_WARN_EMPTY_BODY = YES;
				CLANG_WARN_ENUM_CONVERSION = YES;
				CLANG_WARN_INFINITE_RECURSION = YES;
				CLANG_WARN_INT_CONVERSION = YES;
				CLANG_WARN_NON_LITERAL_NULL_CONVERSION = YES;
				CLANG_WARN_OBJC_IMPLICIT_RETAIN_SELF = YES;
				CLANG_WARN_OBJC_LITERAL_CONVERSION = YES;
				CLANG_WARN_OBJC_ROOT_CLASS = YES_ERROR;
				CLANG_WARN_RANGE_LOOP_ANALYSIS = YES;
				CLANG_WARN_STRICT_PROTOTYPES = YES;
				CLANG_WARN_SUSPICIOUS_MOVE = YES;
				CLANG_WARN_UNGUARDED_AVAILABILITY = YES_AGGRESSIVE;
				CLANG_WARN_UNREACHABLE_CODE = YES;
				CLANG_WARN__DUPLICATE_METHOD_MATCH = YES;
				CODE_SIGN_IDENTITY = "iPhone Developer";
				COPY_PHASE_STRIP = NO;
				DEBUG_INFORMATION_FORMAT = "dwarf-with-dsym";
				ENABLE_NS_ASSERTIONS = NO;
				ENABLE_STRICT_OBJC_MSGSEND = YES;
				GCC_C_LANGUAGE_STANDARD = gnu11;
				GCC_NO_COMMON_BLOCKS = YES;
				GCC_WARN_64_TO_32_BIT_CONVERSION = YES;
				GCC_WARN_ABOUT_RETURN_TYPE = YES_ERROR;
				GCC_WARN_UNDECLARED_SELECTOR = YES;
				GCC_WARN_UNINITIALIZED_AUTOS = YES_AGGRESSIVE;
				GCC_WARN_UNUSED_FUNCTION = YES;
				GCC_WARN_UNUSED_VARIABLE = YES;
				IPHONEOS_DEPLOYMENT_TARGET = 12.1;
				MTL_ENABLE_DEBUG_INFO = NO;
				MTL_FAST_MATH = YES;
				SDKROOT = iphoneos;
				SWIFT_COMPILATION_MODE = wholemodule;
				SWIFT_OPTIMIZATION_LEVEL = "-O";
				VALIDATE_PRODUCT = YES;
			};
			name = Release;
		};
		EFBD37C62210E02100CB45A2 /* Debug */ = {
			isa = XCBuildConfiguration;
			buildSettings = {
				ASSETCATALOG_COMPILER_APPICON_NAME = AppIcon;
				CODE_SIGN_STYLE = Automatic;
				INFOPLIST_FILE = Pokedex/Info.plist;
				LD_RUNPATH_SEARCH_PATHS = (
					"$(inherited)",
					"@executable_path/Frameworks",
				);
				PRODUCT_BUNDLE_IDENTIFIER = com.Pokedex;
				PRODUCT_NAME = "$(TARGET_NAME)";
				SWIFT_VERSION = 4.2;
				TARGETED_DEVICE_FAMILY = "1,2";
			};
			name = Debug;
		};
		EFBD37C72210E02100CB45A2 /* Release */ = {
			isa = XCBuildConfiguration;
			buildSettings = {
				ASSETCATALOG_COMPILER_APPICON_NAME = AppIcon;
				CODE_SIGN_STYLE = Automatic;
				INFOPLIST_FILE = Pokedex/Info.plist;
				LD_RUNPATH_SEARCH_PATHS = (
					"$(inherited)",
					"@executable_path/Frameworks",
				);
				PRODUCT_BUNDLE_IDENTIFIER = com.Pokedex;
				PRODUCT_NAME = "$(TARGET_NAME)";
				SWIFT_VERSION = 4.2;
				TARGETED_DEVICE_FAMILY = "1,2";
			};
			name = Release;
		};
		EFBD37C92210E02100CB45A2 /* Debug */ = {
			isa = XCBuildConfiguration;
			buildSettings = {
				ALWAYS_EMBED_SWIFT_STANDARD_LIBRARIES = YES;
				BUNDLE_LOADER = "$(TEST_HOST)";
				CODE_SIGN_STYLE = Automatic;
				INFOPLIST_FILE = PokedexTests/Info.plist;
				LD_RUNPATH_SEARCH_PATHS = (
					"$(inherited)",
					"@executable_path/Frameworks",
					"@loader_path/Frameworks",
				);
				PRODUCT_BUNDLE_IDENTIFIER = com.PokedexTests;
				PRODUCT_NAME = "$(TARGET_NAME)";
				SWIFT_VERSION = 4.2;
				TARGETED_DEVICE_FAMILY = "1,2";
				TEST_HOST = "$(BUILT_PRODUCTS_DIR)/Pokedex.app/Pokedex";
			};
			name = Debug;
		};
		EFBD37CA2210E02100CB45A2 /* Release */ = {
			isa = XCBuildConfiguration;
			buildSettings = {
				ALWAYS_EMBED_SWIFT_STANDARD_LIBRARIES = YES;
				BUNDLE_LOADER = "$(TEST_HOST)";
				CODE_SIGN_STYLE = Automatic;
				INFOPLIST_FILE = PokedexTests/Info.plist;
				LD_RUNPATH_SEARCH_PATHS = (
					"$(inherited)",
					"@executable_path/Frameworks",
					"@loader_path/Frameworks",
				);
				PRODUCT_BUNDLE_IDENTIFIER = com.PokedexTests;
				PRODUCT_NAME = "$(TARGET_NAME)";
				SWIFT_VERSION = 4.2;
				TARGETED_DEVICE_FAMILY = "1,2";
				TEST_HOST = "$(BUILT_PRODUCTS_DIR)/Pokedex.app/Pokedex";
			};
			name = Release;
		};
		EFBD37CC2210E02100CB45A2 /* Debug */ = {
			isa = XCBuildConfiguration;
			buildSettings = {
				ALWAYS_EMBED_SWIFT_STANDARD_LIBRARIES = YES;
				CODE_SIGN_STYLE = Automatic;
				INFOPLIST_FILE = PokedexUITests/Info.plist;
				LD_RUNPATH_SEARCH_PATHS = (
					"$(inherited)",
					"@executable_path/Frameworks",
					"@loader_path/Frameworks",
				);
				PRODUCT_BUNDLE_IDENTIFIER = com.PokedexUITests;
				PRODUCT_NAME = "$(TARGET_NAME)";
				SWIFT_VERSION = 4.2;
				TARGETED_DEVICE_FAMILY = "1,2";
				TEST_TARGET_NAME = Pokedex;
			};
			name = Debug;
		};
		EFBD37CD2210E02100CB45A2 /* Release */ = {
			isa = XCBuildConfiguration;
			buildSettings = {
				ALWAYS_EMBED_SWIFT_STANDARD_LIBRARIES = YES;
				CODE_SIGN_STYLE = Automatic;
				INFOPLIST_FILE = PokedexUITests/Info.plist;
				LD_RUNPATH_SEARCH_PATHS = (
					"$(inherited)",
					"@executable_path/Frameworks",
					"@loader_path/Frameworks",
				);
				PRODUCT_BUNDLE_IDENTIFIER = com.PokedexUITests;
				PRODUCT_NAME = "$(TARGET_NAME)";
				SWIFT_VERSION = 4.2;
				TARGETED_DEVICE_FAMILY = "1,2";
				TEST_TARGET_NAME = Pokedex;
			};
			name = Release;
		};
/* End XCBuildConfiguration section */

/* Begin XCConfigurationList section */
		EFBD37982210E01E00CB45A2 /* Build configuration list for PBXProject "Pokedex" */ = {
			isa = XCConfigurationList;
			buildConfigurations = (
				EFBD37C32210E02100CB45A2 /* Debug */,
				EFBD37C42210E02100CB45A2 /* Release */,
			);
			defaultConfigurationIsVisible = 0;
			defaultConfigurationName = Release;
		};
		EFBD37C52210E02100CB45A2 /* Build configuration list for PBXNativeTarget "Pokedex" */ = {
			isa = XCConfigurationList;
			buildConfigurations = (
				EFBD37C62210E02100CB45A2 /* Debug */,
				EFBD37C72210E02100CB45A2 /* Release */,
			);
			defaultConfigurationIsVisible = 0;
			defaultConfigurationName = Release;
		};
		EFBD37C82210E02100CB45A2 /* Build configuration list for PBXNativeTarget "PokedexTests" */ = {
			isa = XCConfigurationList;
			buildConfigurations = (
				EFBD37C92210E02100CB45A2 /* Debug */,
				EFBD37CA2210E02100CB45A2 /* Release */,
			);
			defaultConfigurationIsVisible = 0;
			defaultConfigurationName = Release;
		};
		EFBD37CB2210E02100CB45A2 /* Build configuration list for PBXNativeTarget "PokedexUITests" */ = {
			isa = XCConfigurationList;
			buildConfigurations = (
				EFBD37CC2210E02100CB45A2 /* Debug */,
				EFBD37CD2210E02100CB45A2 /* Release */,
			);
			defaultConfigurationIsVisible = 0;
			defaultConfigurationName = Release;
		};
/* End XCConfigurationList section */
	};
	rootObject = EFBD37952210E01E00CB45A2 /* Project object */;
}
